
Microsoft Visual Studio Solution File, Format Version 12.00
Project("{FAE04EC0-301F-11D3-BF4B-00C04F79EFBC}") = "hotel_backend", "hotel_backend.csproj", "{74DFA52A-D1AF-45F0-A1AB-56725C476D51}"
EndProject
Global
	GlobalSection(SolutionConfigurationPlatforms) = preSolution
		Debug|Any CPU = Debug|Any CPU
		Release|Any CPU = Release|Any CPU
	EndGlobalSection
	GlobalSection(ProjectConfigurationPlatforms) = postSolution
		{74DFA52A-D1AF-45F0-A1AB-56725C476D51}.Debug|Any CPU.ActiveCfg = Debug|Any CPU
		{74DFA52A-D1AF-45F0-A1AB-56725C476D51}.Debug|Any CPU.Build.0 = Debug|Any CPU
		{74DFA52A-D1AF-45F0-A1AB-56725C476D51}.Release|Any CPU.ActiveCfg = Release|Any CPU
		{74DFA52A-D1AF-45F0-A1AB-56725C476D51}.Release|Any CPU.Build.0 = Release|Any CPU
	EndGlobalSection
EndGlobal
